// !$*UTF8*$!
{
	archiveVersion = 1;
	classes = {
	};
	objectVersion = 48;
	objects = {

/* Begin PBXBuildFile section */
		0D03D47C1F7A5C99009FF81E /* AppDelegate.swift in Sources */ = {isa = PBXBuildFile; fileRef = 0D03D47B1F7A5C99009FF81E /* AppDelegate.swift */; };
		0D03D47E1F7A5C99009FF81E /* ChatViewController.swift in Sources */ = {isa = PBXBuildFile; fileRef = 0D03D47D1F7A5C99009FF81E /* ChatViewController.swift */; };
		0D03D4811F7A5C99009FF81E /* Main.storyboard in Resources */ = {isa = PBXBuildFile; fileRef = 0D03D47F1F7A5C99009FF81E /* Main.storyboard */; };
		0D03D4831F7A5C99009FF81E /* Assets.xcassets in Resources */ = {isa = PBXBuildFile; fileRef = 0D03D4821F7A5C99009FF81E /* Assets.xcassets */; };
		0D03D4861F7A5C99009FF81E /* LaunchScreen.storyboard in Resources */ = {isa = PBXBuildFile; fileRef = 0D03D4841F7A5C99009FF81E /* LaunchScreen.storyboard */; };
		0D03D49B1F7A5CB4009FF81E /* ChatWow.framework in Frameworks */ = {isa = PBXBuildFile; fileRef = 0D03D4921F7A5CB4009FF81E /* ChatWow.framework */; };
		0D03D4A21F7A5CB4009FF81E /* ChatWowTests.swift in Sources */ = {isa = PBXBuildFile; fileRef = 0D03D4A11F7A5CB4009FF81E /* ChatWowTests.swift */; };
		0D03D4A41F7A5CB4009FF81E /* ChatWow.h in Headers */ = {isa = PBXBuildFile; fileRef = 0D03D4941F7A5CB4009FF81E /* ChatWow.h */; settings = {ATTRIBUTES = (Public, ); }; };
		0D03D4A71F7A5CB4009FF81E /* ChatWow.framework in Frameworks */ = {isa = PBXBuildFile; fileRef = 0D03D4921F7A5CB4009FF81E /* ChatWow.framework */; };
		0D03D4A81F7A5CB4009FF81E /* ChatWow.framework in Embed Frameworks */ = {isa = PBXBuildFile; fileRef = 0D03D4921F7A5CB4009FF81E /* ChatWow.framework */; settings = {ATTRIBUTES = (CodeSignOnCopy, RemoveHeadersOnCopy, ); }; };
		0D03D4B21F7A5CD8009FF81E /* ChatWowViewController.swift in Sources */ = {isa = PBXBuildFile; fileRef = 0D03D4B01F7A5CD8009FF81E /* ChatWowViewController.swift */; };
		0D0A026B1F7BC33A00B85D97 /* ChatImageMine.xib in Resources */ = {isa = PBXBuildFile; fileRef = 0D0A02691F7BC33A00B85D97 /* ChatImageMine.xib */; };
		0D0A026E1F7BC91500B85D97 /* ChatImageTheirs.xib in Resources */ = {isa = PBXBuildFile; fileRef = 0D0A026C1F7BC4E500B85D97 /* ChatImageTheirs.xib */; };
		0D0A02711F7BE74200B85D97 /* ChatImageView.swift in Sources */ = {isa = PBXBuildFile; fileRef = 0D0A026F1F7BE74200B85D97 /* ChatImageView.swift */; };
		0D0A02751F7BF5DA00B85D97 /* ChatInputViewController.swift in Sources */ = {isa = PBXBuildFile; fileRef = 0D0A02721F7BF5DA00B85D97 /* ChatInputViewController.swift */; };
		0D0A02771F7BF5DA00B85D97 /* ChatInputViewController.xib in Resources */ = {isa = PBXBuildFile; fileRef = 0D0A02731F7BF5DA00B85D97 /* ChatInputViewController.xib */; };
		0D0A027A1F7BF63700B85D97 /* ChatInputField.swift in Sources */ = {isa = PBXBuildFile; fileRef = 0D0A02781F7BF63700B85D97 /* ChatInputField.swift */; };
		0D0EEA111F7E5B350039A083 /* ChatTableView.swift in Sources */ = {isa = PBXBuildFile; fileRef = 0D0EEA101F7E5B350039A083 /* ChatTableView.swift */; };
		0D2A40301F82594D00EAF879 /* ChatInfoLineWithTimeCell.xib in Resources */ = {isa = PBXBuildFile; fileRef = 0D2A402F1F8258FA00EAF879 /* ChatInfoLineWithTimeCell.xib */; };
		0D4A6FBF1F7A6A6B00731719 /* ChatMessageView.swift in Sources */ = {isa = PBXBuildFile; fileRef = 0D4A6FBD1F7A6A6B00731719 /* ChatMessageView.swift */; };
		0D4A6FC21F7A85FA00731719 /* ChatMessageMine.xib in Resources */ = {isa = PBXBuildFile; fileRef = 0D4A6FC01F7A85FA00731719 /* ChatMessageMine.xib */; };
		0D4A6FC51F7A868A00731719 /* ChatBubbleView.swift in Sources */ = {isa = PBXBuildFile; fileRef = 0D4A6FC31F7A868A00731719 /* ChatBubbleView.swift */; };
		0D4A6FCB1F7AA05000731719 /* ChatMessage.swift in Sources */ = {isa = PBXBuildFile; fileRef = 0D4A6FC91F7AA04F00731719 /* ChatMessage.swift */; };
		0D4A6FCC1F7AA62200731719 /* ChatMessageTheirs.xib in Resources */ = {isa = PBXBuildFile; fileRef = 0D4A6FC71F7A91CF00731719 /* ChatMessageTheirs.xib */; };
		0D4A6FD61F7AB88F00731719 /* ChatInfoLineCell.xib in Resources */ = {isa = PBXBuildFile; fileRef = 0D4A6FD21F7AB88F00731719 /* ChatInfoLineCell.xib */; };
		0DFE54A41F7C0D02001B212B /* Media.xcassets in Resources */ = {isa = PBXBuildFile; fileRef = 0DFE54A31F7C0D02001B212B /* Media.xcassets */; };
		0DFE54B01F7C2670001B212B /* ChatKeyboardHelperView.swift in Sources */ = {isa = PBXBuildFile; fileRef = 0DFE54AE1F7C2670001B212B /* ChatKeyboardHelperView.swift */; };
		0DFE54B51F7C3203001B212B /* ChatEmojiMessageMine.xib in Resources */ = {isa = PBXBuildFile; fileRef = 0DFE54B11F7C2D66001B212B /* ChatEmojiMessageMine.xib */; };
		0DFE54B61F7C3203001B212B /* ChatEmojiMessageTheirs.xib in Resources */ = {isa = PBXBuildFile; fileRef = 0DFE54B21F7C2DDC001B212B /* ChatEmojiMessageTheirs.xib */; };
/* End PBXBuildFile section */

/* Begin PBXContainerItemProxy section */
		0D03D49C1F7A5CB4009FF81E /* PBXContainerItemProxy */ = {
			isa = PBXContainerItemProxy;
			containerPortal = 0D03D4701F7A5C99009FF81E /* Project object */;
			proxyType = 1;
			remoteGlobalIDString = 0D03D4911F7A5CB4009FF81E;
			remoteInfo = ChatWow;
		};
		0D03D49E1F7A5CB4009FF81E /* PBXContainerItemProxy */ = {
			isa = PBXContainerItemProxy;
			containerPortal = 0D03D4701F7A5C99009FF81E /* Project object */;
			proxyType = 1;
			remoteGlobalIDString = 0D03D4771F7A5C99009FF81E;
			remoteInfo = ChatWowDemo;
		};
		0D03D4A51F7A5CB4009FF81E /* PBXContainerItemProxy */ = {
			isa = PBXContainerItemProxy;
			containerPortal = 0D03D4701F7A5C99009FF81E /* Project object */;
			proxyType = 1;
			remoteGlobalIDString = 0D03D4911F7A5CB4009FF81E;
			remoteInfo = ChatWow;
		};
/* End PBXContainerItemProxy section */

/* Begin PBXCopyFilesBuildPhase section */
		0D03D4AC1F7A5CB4009FF81E /* Embed Frameworks */ = {
			isa = PBXCopyFilesBuildPhase;
			buildActionMask = 2147483647;
			dstPath = "";
			dstSubfolderSpec = 10;
			files = (
				0D03D4A81F7A5CB4009FF81E /* ChatWow.framework in Embed Frameworks */,
			);
			name = "Embed Frameworks";
			runOnlyForDeploymentPostprocessing = 0;
		};
/* End PBXCopyFilesBuildPhase section */

/* Begin PBXFileReference section */
		0D03D4781F7A5C99009FF81E /* ChatWowDemo.app */ = {isa = PBXFileReference; explicitFileType = wrapper.application; includeInIndex = 0; path = ChatWowDemo.app; sourceTree = BUILT_PRODUCTS_DIR; };
		0D03D47B1F7A5C99009FF81E /* AppDelegate.swift */ = {isa = PBXFileReference; lastKnownFileType = sourcecode.swift; path = AppDelegate.swift; sourceTree = "<group>"; };
		0D03D47D1F7A5C99009FF81E /* ChatViewController.swift */ = {isa = PBXFileReference; lastKnownFileType = sourcecode.swift; path = ChatViewController.swift; sourceTree = "<group>"; };
		0D03D4801F7A5C99009FF81E /* Base */ = {isa = PBXFileReference; lastKnownFileType = file.storyboard; name = Base; path = Base.lproj/Main.storyboard; sourceTree = "<group>"; };
		0D03D4821F7A5C99009FF81E /* Assets.xcassets */ = {isa = PBXFileReference; lastKnownFileType = folder.assetcatalog; path = Assets.xcassets; sourceTree = "<group>"; };
		0D03D4851F7A5C99009FF81E /* Base */ = {isa = PBXFileReference; lastKnownFileType = file.storyboard; name = Base; path = Base.lproj/LaunchScreen.storyboard; sourceTree = "<group>"; };
		0D03D4871F7A5C99009FF81E /* Info.plist */ = {isa = PBXFileReference; lastKnownFileType = text.plist.xml; path = Info.plist; sourceTree = "<group>"; };
		0D03D4921F7A5CB4009FF81E /* ChatWow.framework */ = {isa = PBXFileReference; explicitFileType = wrapper.framework; includeInIndex = 0; path = ChatWow.framework; sourceTree = BUILT_PRODUCTS_DIR; };
		0D03D4941F7A5CB4009FF81E /* ChatWow.h */ = {isa = PBXFileReference; lastKnownFileType = sourcecode.c.h; path = ChatWow.h; sourceTree = "<group>"; };
		0D03D4951F7A5CB4009FF81E /* Info.plist */ = {isa = PBXFileReference; lastKnownFileType = text.plist.xml; path = Info.plist; sourceTree = "<group>"; };
		0D03D49A1F7A5CB4009FF81E /* ChatWowTests.xctest */ = {isa = PBXFileReference; explicitFileType = wrapper.cfbundle; includeInIndex = 0; path = ChatWowTests.xctest; sourceTree = BUILT_PRODUCTS_DIR; };
		0D03D4A11F7A5CB4009FF81E /* ChatWowTests.swift */ = {isa = PBXFileReference; lastKnownFileType = sourcecode.swift; path = ChatWowTests.swift; sourceTree = "<group>"; };
		0D03D4A31F7A5CB4009FF81E /* Info.plist */ = {isa = PBXFileReference; lastKnownFileType = text.plist.xml; path = Info.plist; sourceTree = "<group>"; };
		0D03D4B01F7A5CD8009FF81E /* ChatWowViewController.swift */ = {isa = PBXFileReference; lastKnownFileType = sourcecode.swift; path = ChatWowViewController.swift; sourceTree = "<group>"; };
		0D0A02691F7BC33A00B85D97 /* ChatImageMine.xib */ = {isa = PBXFileReference; lastKnownFileType = file.xib; path = ChatImageMine.xib; sourceTree = "<group>"; };
		0D0A026C1F7BC4E500B85D97 /* ChatImageTheirs.xib */ = {isa = PBXFileReference; lastKnownFileType = file.xib; path = ChatImageTheirs.xib; sourceTree = "<group>"; };
		0D0A026F1F7BE74200B85D97 /* ChatImageView.swift */ = {isa = PBXFileReference; lastKnownFileType = sourcecode.swift; path = ChatImageView.swift; sourceTree = "<group>"; };
		0D0A02721F7BF5DA00B85D97 /* ChatInputViewController.swift */ = {isa = PBXFileReference; lastKnownFileType = sourcecode.swift; path = ChatInputViewController.swift; sourceTree = "<group>"; };
		0D0A02731F7BF5DA00B85D97 /* ChatInputViewController.xib */ = {isa = PBXFileReference; lastKnownFileType = file.xib; path = ChatInputViewController.xib; sourceTree = "<group>"; };
		0D0A02781F7BF63700B85D97 /* ChatInputField.swift */ = {isa = PBXFileReference; lastKnownFileType = sourcecode.swift; path = ChatInputField.swift; sourceTree = "<group>"; };
		0D0EEA101F7E5B350039A083 /* ChatTableView.swift */ = {isa = PBXFileReference; lastKnownFileType = sourcecode.swift; path = ChatTableView.swift; sourceTree = "<group>"; };
		0D2A402F1F8258FA00EAF879 /* ChatInfoLineWithTimeCell.xib */ = {isa = PBXFileReference; lastKnownFileType = file.xib; path = ChatInfoLineWithTimeCell.xib; sourceTree = "<group>"; };
		0D4A6FBD1F7A6A6B00731719 /* ChatMessageView.swift */ = {isa = PBXFileReference; lastKnownFileType = sourcecode.swift; path = ChatMessageView.swift; sourceTree = "<group>"; };
		0D4A6FC01F7A85FA00731719 /* ChatMessageMine.xib */ = {isa = PBXFileReference; lastKnownFileType = file.xib; path = ChatMessageMine.xib; sourceTree = "<group>"; };
		0D4A6FC31F7A868A00731719 /* ChatBubbleView.swift */ = {isa = PBXFileReference; lastKnownFileType = sourcecode.swift; path = ChatBubbleView.swift; sourceTree = "<group>"; };
		0D4A6FC71F7A91CF00731719 /* ChatMessageTheirs.xib */ = {isa = PBXFileReference; lastKnownFileType = file.xib; path = ChatMessageTheirs.xib; sourceTree = "<group>"; };
		0D4A6FC91F7AA04F00731719 /* ChatMessage.swift */ = {isa = PBXFileReference; lastKnownFileType = sourcecode.swift; path = ChatMessage.swift; sourceTree = "<group>"; };
		0D4A6FD21F7AB88F00731719 /* ChatInfoLineCell.xib */ = {isa = PBXFileReference; lastKnownFileType = file.xib; path = ChatInfoLineCell.xib; sourceTree = "<group>"; };
		0DFE54A31F7C0D02001B212B /* Media.xcassets */ = {isa = PBXFileReference; lastKnownFileType = folder.assetcatalog; path = Media.xcassets; sourceTree = "<group>"; };
		0DFE54AE1F7C2670001B212B /* ChatKeyboardHelperView.swift */ = {isa = PBXFileReference; lastKnownFileType = sourcecode.swift; path = ChatKeyboardHelperView.swift; sourceTree = "<group>"; };
		0DFE54B11F7C2D66001B212B /* ChatEmojiMessageMine.xib */ = {isa = PBXFileReference; lastKnownFileType = file.xib; path = ChatEmojiMessageMine.xib; sourceTree = "<group>"; };
		0DFE54B21F7C2DDC001B212B /* ChatEmojiMessageTheirs.xib */ = {isa = PBXFileReference; lastKnownFileType = file.xib; path = ChatEmojiMessageTheirs.xib; sourceTree = "<group>"; };
/* End PBXFileReference section */

/* Begin PBXFrameworksBuildPhase section */
		0D03D4751F7A5C99009FF81E /* Frameworks */ = {
			isa = PBXFrameworksBuildPhase;
			buildActionMask = 2147483647;
			files = (
				0D03D4A71F7A5CB4009FF81E /* ChatWow.framework in Frameworks */,
			);
			runOnlyForDeploymentPostprocessing = 0;
		};
		0D03D48E1F7A5CB4009FF81E /* Frameworks */ = {
			isa = PBXFrameworksBuildPhase;
			buildActionMask = 2147483647;
			files = (
			);
			runOnlyForDeploymentPostprocessing = 0;
		};
		0D03D4971F7A5CB4009FF81E /* Frameworks */ = {
			isa = PBXFrameworksBuildPhase;
			buildActionMask = 2147483647;
			files = (
				0D03D49B1F7A5CB4009FF81E /* ChatWow.framework in Frameworks */,
			);
			runOnlyForDeploymentPostprocessing = 0;
		};
/* End PBXFrameworksBuildPhase section */

/* Begin PBXGroup section */
		0D03D46F1F7A5C99009FF81E = {
			isa = PBXGroup;
			children = (
				0D03D4931F7A5CB4009FF81E /* ChatWow */,
				0D03D4A01F7A5CB4009FF81E /* ChatWowTests */,
				0D03D47A1F7A5C99009FF81E /* ChatWowDemo */,
				0D03D4791F7A5C99009FF81E /* Products */,
			);
			sourceTree = "<group>";
		};
		0D03D4791F7A5C99009FF81E /* Products */ = {
			isa = PBXGroup;
			children = (
				0D03D4781F7A5C99009FF81E /* ChatWowDemo.app */,
				0D03D4921F7A5CB4009FF81E /* ChatWow.framework */,
				0D03D49A1F7A5CB4009FF81E /* ChatWowTests.xctest */,
			);
			name = Products;
			sourceTree = "<group>";
		};
		0D03D47A1F7A5C99009FF81E /* ChatWowDemo */ = {
			isa = PBXGroup;
			children = (
				0D03D47B1F7A5C99009FF81E /* AppDelegate.swift */,
				0D03D47D1F7A5C99009FF81E /* ChatViewController.swift */,
				0D03D47F1F7A5C99009FF81E /* Main.storyboard */,
				0D03D4821F7A5C99009FF81E /* Assets.xcassets */,
				0D03D4841F7A5C99009FF81E /* LaunchScreen.storyboard */,
				0D03D4871F7A5C99009FF81E /* Info.plist */,
			);
			path = ChatWowDemo;
			sourceTree = "<group>";
		};
		0D03D4931F7A5CB4009FF81E /* ChatWow */ = {
			isa = PBXGroup;
			children = (
				0D03D4941F7A5CB4009FF81E /* ChatWow.h */,
				0D03D4951F7A5CB4009FF81E /* Info.plist */,
				0D03D4B01F7A5CD8009FF81E /* ChatWowViewController.swift */,
				0D4A6FC91F7AA04F00731719 /* ChatMessage.swift */,
				0D4A6FBD1F7A6A6B00731719 /* ChatMessageView.swift */,
				0D4A6FC31F7A868A00731719 /* ChatBubbleView.swift */,
				0D0A026F1F7BE74200B85D97 /* ChatImageView.swift */,
				0D0A02721F7BF5DA00B85D97 /* ChatInputViewController.swift */,
				0D0A02781F7BF63700B85D97 /* ChatInputField.swift */,
				0DFE54AE1F7C2670001B212B /* ChatKeyboardHelperView.swift */,
				0D0EEA101F7E5B350039A083 /* ChatTableView.swift */,
				0D4A6FC01F7A85FA00731719 /* ChatMessageMine.xib */,
				0D4A6FC71F7A91CF00731719 /* ChatMessageTheirs.xib */,
				0D4A6FD21F7AB88F00731719 /* ChatInfoLineCell.xib */,
				0D2A402F1F8258FA00EAF879 /* ChatInfoLineWithTimeCell.xib */,
				0D0A02691F7BC33A00B85D97 /* ChatImageMine.xib */,
				0D0A026C1F7BC4E500B85D97 /* ChatImageTheirs.xib */,
				0DFE54B11F7C2D66001B212B /* ChatEmojiMessageMine.xib */,
				0DFE54B21F7C2DDC001B212B /* ChatEmojiMessageTheirs.xib */,
				0D0A02731F7BF5DA00B85D97 /* ChatInputViewController.xib */,
				0DFE54A31F7C0D02001B212B /* Media.xcassets */,
			);
			path = ChatWow;
			sourceTree = "<group>";
		};
		0D03D4A01F7A5CB4009FF81E /* ChatWowTests */ = {
			isa = PBXGroup;
			children = (
				0D03D4A11F7A5CB4009FF81E /* ChatWowTests.swift */,
				0D03D4A31F7A5CB4009FF81E /* Info.plist */,
			);
			path = ChatWowTests;
			sourceTree = "<group>";
		};
/* End PBXGroup section */

/* Begin PBXHeadersBuildPhase section */
		0D03D48F1F7A5CB4009FF81E /* Headers */ = {
			isa = PBXHeadersBuildPhase;
			buildActionMask = 2147483647;
			files = (
				0D03D4A41F7A5CB4009FF81E /* ChatWow.h in Headers */,
			);
			runOnlyForDeploymentPostprocessing = 0;
		};
/* End PBXHeadersBuildPhase section */

/* Begin PBXNativeTarget section */
		0D03D4771F7A5C99009FF81E /* ChatWowDemo */ = {
			isa = PBXNativeTarget;
			buildConfigurationList = 0D03D48A1F7A5C99009FF81E /* Build configuration list for PBXNativeTarget "ChatWowDemo" */;
			buildPhases = (
				0D03D4741F7A5C99009FF81E /* Sources */,
				0D03D4751F7A5C99009FF81E /* Frameworks */,
				0D03D4761F7A5C99009FF81E /* Resources */,
				0D03D4AC1F7A5CB4009FF81E /* Embed Frameworks */,
			);
			buildRules = (
			);
			dependencies = (
				0D03D4A61F7A5CB4009FF81E /* PBXTargetDependency */,
			);
			name = ChatWowDemo;
			productName = ChatWowDemo;
			productReference = 0D03D4781F7A5C99009FF81E /* ChatWowDemo.app */;
			productType = "com.apple.product-type.application";
		};
		0D03D4911F7A5CB4009FF81E /* ChatWow */ = {
			isa = PBXNativeTarget;
			buildConfigurationList = 0D03D4A91F7A5CB4009FF81E /* Build configuration list for PBXNativeTarget "ChatWow" */;
			buildPhases = (
				0D03D48D1F7A5CB4009FF81E /* Sources */,
				0D03D48E1F7A5CB4009FF81E /* Frameworks */,
				0D03D48F1F7A5CB4009FF81E /* Headers */,
				0D03D4901F7A5CB4009FF81E /* Resources */,
			);
			buildRules = (
			);
			dependencies = (
			);
			name = ChatWow;
			productName = ChatWow;
			productReference = 0D03D4921F7A5CB4009FF81E /* ChatWow.framework */;
			productType = "com.apple.product-type.framework";
		};
		0D03D4991F7A5CB4009FF81E /* ChatWowTests */ = {
			isa = PBXNativeTarget;
			buildConfigurationList = 0D03D4AD1F7A5CB4009FF81E /* Build configuration list for PBXNativeTarget "ChatWowTests" */;
			buildPhases = (
				0D03D4961F7A5CB4009FF81E /* Sources */,
				0D03D4971F7A5CB4009FF81E /* Frameworks */,
				0D03D4981F7A5CB4009FF81E /* Resources */,
			);
			buildRules = (
			);
			dependencies = (
				0D03D49D1F7A5CB4009FF81E /* PBXTargetDependency */,
				0D03D49F1F7A5CB4009FF81E /* PBXTargetDependency */,
			);
			name = ChatWowTests;
			productName = ChatWowTests;
			productReference = 0D03D49A1F7A5CB4009FF81E /* ChatWowTests.xctest */;
			productType = "com.apple.product-type.bundle.unit-test";
		};
/* End PBXNativeTarget section */

/* Begin PBXProject section */
		0D03D4701F7A5C99009FF81E /* Project object */ = {
			isa = PBXProject;
			attributes = {
				LastSwiftUpdateCheck = 0900;
				LastUpgradeCheck = 0900;
				ORGANIZATIONNAME = "Loopon AB";
				TargetAttributes = {
					0D03D4771F7A5C99009FF81E = {
						CreatedOnToolsVersion = 9.0;
						LastSwiftMigration = 0900;
						ProvisioningStyle = Automatic;
					};
					0D03D4911F7A5CB4009FF81E = {
						CreatedOnToolsVersion = 9.0;
						LastSwiftMigration = 0900;
						ProvisioningStyle = Automatic;
					};
					0D03D4991F7A5CB4009FF81E = {
						CreatedOnToolsVersion = 9.0;
						ProvisioningStyle = Automatic;
						TestTargetID = 0D03D4771F7A5C99009FF81E;
					};
				};
			};
			buildConfigurationList = 0D03D4731F7A5C99009FF81E /* Build configuration list for PBXProject "ChatWow" */;
			compatibilityVersion = "Xcode 8.0";
			developmentRegion = en;
			hasScannedForEncodings = 0;
			knownRegions = (
				en,
				Base,
			);
			mainGroup = 0D03D46F1F7A5C99009FF81E;
			productRefGroup = 0D03D4791F7A5C99009FF81E /* Products */;
			projectDirPath = "";
			projectRoot = "";
			targets = (
				0D03D4771F7A5C99009FF81E /* ChatWowDemo */,
				0D03D4911F7A5CB4009FF81E /* ChatWow */,
				0D03D4991F7A5CB4009FF81E /* ChatWowTests */,
			);
		};
/* End PBXProject section */

/* Begin PBXResourcesBuildPhase section */
		0D03D4761F7A5C99009FF81E /* Resources */ = {
			isa = PBXResourcesBuildPhase;
			buildActionMask = 2147483647;
			files = (
				0D03D4861F7A5C99009FF81E /* LaunchScreen.storyboard in Resources */,
				0D03D4831F7A5C99009FF81E /* Assets.xcassets in Resources */,
				0D03D4811F7A5C99009FF81E /* Main.storyboard in Resources */,
			);
			runOnlyForDeploymentPostprocessing = 0;
		};
		0D03D4901F7A5CB4009FF81E /* Resources */ = {
			isa = PBXResourcesBuildPhase;
			buildActionMask = 2147483647;
			files = (
				0D4A6FCC1F7AA62200731719 /* ChatMessageTheirs.xib in Resources */,
				0D0A02771F7BF5DA00B85D97 /* ChatInputViewController.xib in Resources */,
				0D2A40301F82594D00EAF879 /* ChatInfoLineWithTimeCell.xib in Resources */,
				0DFE54B61F7C3203001B212B /* ChatEmojiMessageTheirs.xib in Resources */,
				0DFE54A41F7C0D02001B212B /* Media.xcassets in Resources */,
				0DFE54B51F7C3203001B212B /* ChatEmojiMessageMine.xib in Resources */,
				0D4A6FD61F7AB88F00731719 /* ChatInfoLineCell.xib in Resources */,
				0D0A026E1F7BC91500B85D97 /* ChatImageTheirs.xib in Resources */,
				0D0A026B1F7BC33A00B85D97 /* ChatImageMine.xib in Resources */,
				0D4A6FC21F7A85FA00731719 /* ChatMessageMine.xib in Resources */,
			);
			runOnlyForDeploymentPostprocessing = 0;
		};
		0D03D4981F7A5CB4009FF81E /* Resources */ = {
			isa = PBXResourcesBuildPhase;
			buildActionMask = 2147483647;
			files = (
			);
			runOnlyForDeploymentPostprocessing = 0;
		};
/* End PBXResourcesBuildPhase section */

/* Begin PBXSourcesBuildPhase section */
		0D03D4741F7A5C99009FF81E /* Sources */ = {
			isa = PBXSourcesBuildPhase;
			buildActionMask = 2147483647;
			files = (
				0D03D47E1F7A5C99009FF81E /* ChatViewController.swift in Sources */,
				0D03D47C1F7A5C99009FF81E /* AppDelegate.swift in Sources */,
			);
			runOnlyForDeploymentPostprocessing = 0;
		};
		0D03D48D1F7A5CB4009FF81E /* Sources */ = {
			isa = PBXSourcesBuildPhase;
			buildActionMask = 2147483647;
			files = (
				0D4A6FC51F7A868A00731719 /* ChatBubbleView.swift in Sources */,
				0D0A027A1F7BF63700B85D97 /* ChatInputField.swift in Sources */,
				0D0A02751F7BF5DA00B85D97 /* ChatInputViewController.swift in Sources */,
				0DFE54B01F7C2670001B212B /* ChatKeyboardHelperView.swift in Sources */,
				0D4A6FCB1F7AA05000731719 /* ChatMessage.swift in Sources */,
				0D4A6FBF1F7A6A6B00731719 /* ChatMessageView.swift in Sources */,
				0D0EEA111F7E5B350039A083 /* ChatTableView.swift in Sources */,
				0D03D4B21F7A5CD8009FF81E /* ChatWowViewController.swift in Sources */,
				0D0A02711F7BE74200B85D97 /* ChatImageView.swift in Sources */,
			);
			runOnlyForDeploymentPostprocessing = 0;
		};
		0D03D4961F7A5CB4009FF81E /* Sources */ = {
			isa = PBXSourcesBuildPhase;
			buildActionMask = 2147483647;
			files = (
				0D03D4A21F7A5CB4009FF81E /* ChatWowTests.swift in Sources */,
			);
			runOnlyForDeploymentPostprocessing = 0;
		};
/* End PBXSourcesBuildPhase section */

/* Begin PBXTargetDependency section */
		0D03D49D1F7A5CB4009FF81E /* PBXTargetDependency */ = {
			isa = PBXTargetDependency;
			target = 0D03D4911F7A5CB4009FF81E /* ChatWow */;
			targetProxy = 0D03D49C1F7A5CB4009FF81E /* PBXContainerItemProxy */;
		};
		0D03D49F1F7A5CB4009FF81E /* PBXTargetDependency */ = {
			isa = PBXTargetDependency;
			target = 0D03D4771F7A5C99009FF81E /* ChatWowDemo */;
			targetProxy = 0D03D49E1F7A5CB4009FF81E /* PBXContainerItemProxy */;
		};
		0D03D4A61F7A5CB4009FF81E /* PBXTargetDependency */ = {
			isa = PBXTargetDependency;
			target = 0D03D4911F7A5CB4009FF81E /* ChatWow */;
			targetProxy = 0D03D4A51F7A5CB4009FF81E /* PBXContainerItemProxy */;
		};
/* End PBXTargetDependency section */

/* Begin PBXVariantGroup section */
		0D03D47F1F7A5C99009FF81E /* Main.storyboard */ = {
			isa = PBXVariantGroup;
			children = (
				0D03D4801F7A5C99009FF81E /* Base */,
			);
			name = Main.storyboard;
			sourceTree = "<group>";
		};
		0D03D4841F7A5C99009FF81E /* LaunchScreen.storyboard */ = {
			isa = PBXVariantGroup;
			children = (
				0D03D4851F7A5C99009FF81E /* Base */,
			);
			name = LaunchScreen.storyboard;
			sourceTree = "<group>";
		};
/* End PBXVariantGroup section */

/* Begin XCBuildConfiguration section */
		0D03D4881F7A5C99009FF81E /* Debug */ = {
			isa = XCBuildConfiguration;
			buildSettings = {
				ALWAYS_SEARCH_USER_PATHS = NO;
				CLANG_ANALYZER_NONNULL = YES;
				CLANG_ANALYZER_NUMBER_OBJECT_CONVERSION = YES_AGGRESSIVE;
				CLANG_CXX_LANGUAGE_STANDARD = "gnu++14";
				CLANG_CXX_LIBRARY = "libc++";
				CLANG_ENABLE_MODULES = YES;
				CLANG_ENABLE_OBJC_ARC = YES;
				CLANG_WARN_BLOCK_CAPTURE_AUTORELEASING = YES;
				CLANG_WARN_BOOL_CONVERSION = YES;
				CLANG_WARN_COMMA = YES;
				CLANG_WARN_CONSTANT_CONVERSION = YES;
				CLANG_WARN_DIRECT_OBJC_ISA_USAGE = YES_ERROR;
				CLANG_WARN_DOCUMENTATION_COMMENTS = YES;
				CLANG_WARN_EMPTY_BODY = YES;
				CLANG_WARN_ENUM_CONVERSION = YES;
				CLANG_WARN_INFINITE_RECURSION = YES;
				CLANG_WARN_INT_CONVERSION = YES;
				CLANG_WARN_NON_LITERAL_NULL_CONVERSION = YES;
				CLANG_WARN_OBJC_LITERAL_CONVERSION = YES;
				CLANG_WARN_OBJC_ROOT_CLASS = YES_ERROR;
				CLANG_WARN_RANGE_LOOP_ANALYSIS = YES;
				CLANG_WARN_STRICT_PROTOTYPES = YES;
				CLANG_WARN_SUSPICIOUS_MOVE = YES;
				CLANG_WARN_UNGUARDED_AVAILABILITY = YES_AGGRESSIVE;
				CLANG_WARN_UNREACHABLE_CODE = YES;
				CLANG_WARN__DUPLICATE_METHOD_MATCH = YES;
				CODE_SIGN_IDENTITY = "iPhone Developer";
				COPY_PHASE_STRIP = NO;
				DEBUG_INFORMATION_FORMAT = "dwarf-with-dsym";
				ENABLE_STRICT_OBJC_MSGSEND = YES;
				ENABLE_TESTABILITY = YES;
				GCC_C_LANGUAGE_STANDARD = gnu11;
				GCC_DYNAMIC_NO_PIC = NO;
				GCC_NO_COMMON_BLOCKS = YES;
				GCC_OPTIMIZATION_LEVEL = 0;
				GCC_PREPROCESSOR_DEFINITIONS = (
					"DEBUG=1",
					"$(inherited)",
				);
				GCC_WARN_64_TO_32_BIT_CONVERSION = YES;
				GCC_WARN_ABOUT_RETURN_TYPE = YES_ERROR;
				GCC_WARN_UNDECLARED_SELECTOR = YES;
				GCC_WARN_UNINITIALIZED_AUTOS = YES_AGGRESSIVE;
				GCC_WARN_UNUSED_FUNCTION = YES;
				GCC_WARN_UNUSED_VARIABLE = YES;
				IPHONEOS_DEPLOYMENT_TARGET = 9.0;
				MTL_ENABLE_DEBUG_INFO = YES;
				ONLY_ACTIVE_ARCH = YES;
				SDKROOT = iphoneos;
				SWIFT_ACTIVE_COMPILATION_CONDITIONS = DEBUG;
				SWIFT_OPTIMIZATION_LEVEL = "-Onone";
			};
			name = Debug;
		};
		0D03D4891F7A5C99009FF81E /* Release */ = {
			isa = XCBuildConfiguration;
			buildSettings = {
				ALWAYS_SEARCH_USER_PATHS = NO;
				CLANG_ANALYZER_NONNULL = YES;
				CLANG_ANALYZER_NUMBER_OBJECT_CONVERSION = YES_AGGRESSIVE;
				CLANG_CXX_LANGUAGE_STANDARD = "gnu++14";
				CLANG_CXX_LIBRARY = "libc++";
				CLANG_ENABLE_MODULES = YES;
				CLANG_ENABLE_OBJC_ARC = YES;
				CLANG_WARN_BLOCK_CAPTURE_AUTORELEASING = YES;
				CLANG_WARN_BOOL_CONVERSION = YES;
				CLANG_WARN_COMMA = YES;
				CLANG_WARN_CONSTANT_CONVERSION = YES;
				CLANG_WARN_DIRECT_OBJC_ISA_USAGE = YES_ERROR;
				CLANG_WARN_DOCUMENTATION_COMMENTS = YES;
				CLANG_WARN_EMPTY_BODY = YES;
				CLANG_WARN_ENUM_CONVERSION = YES;
				CLANG_WARN_INFINITE_RECURSION = YES;
				CLANG_WARN_INT_CONVERSION = YES;
				CLANG_WARN_NON_LITERAL_NULL_CONVERSION = YES;
				CLANG_WARN_OBJC_LITERAL_CONVERSION = YES;
				CLANG_WARN_OBJC_ROOT_CLASS = YES_ERROR;
				CLANG_WARN_RANGE_LOOP_ANALYSIS = YES;
				CLANG_WARN_STRICT_PROTOTYPES = YES;
				CLANG_WARN_SUSPICIOUS_MOVE = YES;
				CLANG_WARN_UNGUARDED_AVAILABILITY = YES_AGGRESSIVE;
				CLANG_WARN_UNREACHABLE_CODE = YES;
				CLANG_WARN__DUPLICATE_METHOD_MATCH = YES;
				CODE_SIGN_IDENTITY = "iPhone Developer";
				COPY_PHASE_STRIP = NO;
				DEBUG_INFORMATION_FORMAT = "dwarf-with-dsym";
				ENABLE_NS_ASSERTIONS = NO;
				ENABLE_STRICT_OBJC_MSGSEND = YES;
				GCC_C_LANGUAGE_STANDARD = gnu11;
				GCC_NO_COMMON_BLOCKS = YES;
				GCC_WARN_64_TO_32_BIT_CONVERSION = YES;
				GCC_WARN_ABOUT_RETURN_TYPE = YES_ERROR;
				GCC_WARN_UNDECLARED_SELECTOR = YES;
				GCC_WARN_UNINITIALIZED_AUTOS = YES_AGGRESSIVE;
				GCC_WARN_UNUSED_FUNCTION = YES;
				GCC_WARN_UNUSED_VARIABLE = YES;
				IPHONEOS_DEPLOYMENT_TARGET = 9.0;
				MTL_ENABLE_DEBUG_INFO = NO;
				SDKROOT = iphoneos;
				SWIFT_OPTIMIZATION_LEVEL = "-Owholemodule";
				VALIDATE_PRODUCT = YES;
			};
			name = Release;
		};
		0D03D48B1F7A5C99009FF81E /* Debug */ = {
			isa = XCBuildConfiguration;
			buildSettings = {
				ALWAYS_EMBED_SWIFT_STANDARD_LIBRARIES = YES;
				ASSETCATALOG_COMPILER_APPICON_NAME = AppIcon;
				CLANG_ENABLE_MODULES = YES;
				CODE_SIGN_STYLE = Automatic;
				DEVELOPMENT_TEAM = 6KYJ233SU6;
				INFOPLIST_FILE = ChatWowDemo/Info.plist;
				LD_RUNPATH_SEARCH_PATHS = "$(inherited) @executable_path/Frameworks";
				PRODUCT_BUNDLE_IDENTIFIER = com.loopon.ChatWowDemo;
				PRODUCT_NAME = "$(TARGET_NAME)";
				SWIFT_OPTIMIZATION_LEVEL = "-Onone";
				SWIFT_VERSION = 4.0;
				TARGETED_DEVICE_FAMILY = "1,2";
			};
			name = Debug;
		};
		0D03D48C1F7A5C99009FF81E /* Release */ = {
			isa = XCBuildConfiguration;
			buildSettings = {
				ALWAYS_EMBED_SWIFT_STANDARD_LIBRARIES = YES;
				ASSETCATALOG_COMPILER_APPICON_NAME = AppIcon;
				CLANG_ENABLE_MODULES = YES;
				CODE_SIGN_STYLE = Automatic;
				DEVELOPMENT_TEAM = 6KYJ233SU6;
				INFOPLIST_FILE = ChatWowDemo/Info.plist;
				LD_RUNPATH_SEARCH_PATHS = "$(inherited) @executable_path/Frameworks";
				PRODUCT_BUNDLE_IDENTIFIER = com.loopon.ChatWowDemo;
				PRODUCT_NAME = "$(TARGET_NAME)";
				SWIFT_VERSION = 4.0;
				TARGETED_DEVICE_FAMILY = "1,2";
			};
			name = Release;
		};
		0D03D4AA1F7A5CB4009FF81E /* Debug */ = {
			isa = XCBuildConfiguration;
			buildSettings = {
				CLANG_ENABLE_MODULES = YES;
				CODE_SIGN_IDENTITY = "";
				CODE_SIGN_STYLE = Automatic;
				CURRENT_PROJECT_VERSION = 1;
				DEFINES_MODULE = YES;
				DEVELOPMENT_TEAM = 6KYJ233SU6;
				DYLIB_COMPATIBILITY_VERSION = 1;
				DYLIB_CURRENT_VERSION = 1;
				DYLIB_INSTALL_NAME_BASE = "@rpath";
				INFOPLIST_FILE = ChatWow/Info.plist;
				INSTALL_PATH = "$(LOCAL_LIBRARY_DIR)/Frameworks";
				LD_RUNPATH_SEARCH_PATHS = "$(inherited) @executable_path/Frameworks @loader_path/Frameworks";
				PRODUCT_BUNDLE_IDENTIFIER = com.loopon.ChatWow;
				PRODUCT_NAME = "$(TARGET_NAME:c99extidentifier)";
				SKIP_INSTALL = YES;
				SWIFT_OPTIMIZATION_LEVEL = "-Onone";
				SWIFT_VERSION = 4.0;
				TARGETED_DEVICE_FAMILY = "1,2";
				VERSIONING_SYSTEM = "apple-generic";
				VERSION_INFO_PREFIX = "";
			};
			name = Debug;
		};
		0D03D4AB1F7A5CB4009FF81E /* Release */ = {
			isa = XCBuildConfiguration;
			buildSettings = {
				CLANG_ENABLE_MODULES = YES;
				CODE_SIGN_IDENTITY = "";
				CODE_SIGN_STYLE = Automatic;
				CURRENT_PROJECT_VERSION = 1;
				DEFINES_MODULE = YES;
				DEVELOPMENT_TEAM = 6KYJ233SU6;
				DYLIB_COMPATIBILITY_VERSION = 1;
				DYLIB_CURRENT_VERSION = 1;
				DYLIB_INSTALL_NAME_BASE = "@rpath";
				INFOPLIST_FILE = ChatWow/Info.plist;
				INSTALL_PATH = "$(LOCAL_LIBRARY_DIR)/Frameworks";
				LD_RUNPATH_SEARCH_PATHS = "$(inherited) @executable_path/Frameworks @loader_path/Frameworks";
				PRODUCT_BUNDLE_IDENTIFIER = com.loopon.ChatWow;
				PRODUCT_NAME = "$(TARGET_NAME:c99extidentifier)";
				SKIP_INSTALL = NO;
				SWIFT_VERSION = 4.0;
				TARGETED_DEVICE_FAMILY = "1,2";
				VERSIONING_SYSTEM = "apple-generic";
				VERSION_INFO_PREFIX = "";
			};
			name = Release;
		};
		0D03D4AE1F7A5CB4009FF81E /* Debug */ = {
			isa = XCBuildConfiguration;
			buildSettings = {
				ALWAYS_EMBED_SWIFT_STANDARD_LIBRARIES = YES;
				CODE_SIGN_STYLE = Automatic;
				DEVELOPMENT_TEAM = 6KYJ233SU6;
				INFOPLIST_FILE = ChatWowTests/Info.plist;
				LD_RUNPATH_SEARCH_PATHS = "$(inherited) @executable_path/Frameworks @loader_path/Frameworks";
				PRODUCT_BUNDLE_IDENTIFIER = com.loopon.ChatWowTests;
				PRODUCT_NAME = "$(TARGET_NAME)";
				SWIFT_VERSION = 4.0;
				TARGETED_DEVICE_FAMILY = "1,2";
				TEST_HOST = "$(BUILT_PRODUCTS_DIR)/ChatWowDemo.app/ChatWowDemo";
			};
			name = Debug;
		};
		0D03D4AF1F7A5CB4009FF81E /* Release */ = {
			isa = XCBuildConfiguration;
			buildSettings = {
				ALWAYS_EMBED_SWIFT_STANDARD_LIBRARIES = YES;
				CODE_SIGN_STYLE = Automatic;
				DEVELOPMENT_TEAM = 6KYJ233SU6;
				INFOPLIST_FILE = ChatWowTests/Info.plist;
				LD_RUNPATH_SEARCH_PATHS = "$(inherited) @executable_path/Frameworks @loader_path/Frameworks";
				PRODUCT_BUNDLE_IDENTIFIER = com.loopon.ChatWowTests;
				PRODUCT_NAME = "$(TARGET_NAME)";
				SWIFT_VERSION = 4.0;
				TARGETED_DEVICE_FAMILY = "1,2";
				TEST_HOST = "$(BUILT_PRODUCTS_DIR)/ChatWowDemo.app/ChatWowDemo";
			};
			name = Release;
		};
/* End XCBuildConfiguration section */

/* Begin XCConfigurationList section */
		0D03D4731F7A5C99009FF81E /* Build configuration list for PBXProject "ChatWow" */ = {
			isa = XCConfigurationList;
			buildConfigurations = (
				0D03D4881F7A5C99009FF81E /* Debug */,
				0D03D4891F7A5C99009FF81E /* Release */,
			);
			defaultConfigurationIsVisible = 0;
			defaultConfigurationName = Release;
		};
		0D03D48A1F7A5C99009FF81E /* Build configuration list for PBXNativeTarget "ChatWowDemo" */ = {
			isa = XCConfigurationList;
			buildConfigurations = (
				0D03D48B1F7A5C99009FF81E /* Debug */,
				0D03D48C1F7A5C99009FF81E /* Release */,
			);
			defaultConfigurationIsVisible = 0;
			defaultConfigurationName = Release;
		};
		0D03D4A91F7A5CB4009FF81E /* Build configuration list for PBXNativeTarget "ChatWow" */ = {
			isa = XCConfigurationList;
			buildConfigurations = (
				0D03D4AA1F7A5CB4009FF81E /* Debug */,
				0D03D4AB1F7A5CB4009FF81E /* Release */,
			);
			defaultConfigurationIsVisible = 0;
			defaultConfigurationName = Release;
		};
		0D03D4AD1F7A5CB4009FF81E /* Build configuration list for PBXNativeTarget "ChatWowTests" */ = {
			isa = XCConfigurationList;
			buildConfigurations = (
				0D03D4AE1F7A5CB4009FF81E /* Debug */,
				0D03D4AF1F7A5CB4009FF81E /* Release */,
			);
			defaultConfigurationIsVisible = 0;
			defaultConfigurationName = Release;
		};
/* End XCConfigurationList section */
	};
	rootObject = 0D03D4701F7A5C99009FF81E /* Project object */;
}
